
Microsoft Visual Studio Solution File, Format Version 12.00
# Visual Studio Version 17
VisualStudioVersion = 17.4.33205.214
MinimumVisualStudioVersion = 10.0.40219.1
Project("{2150E333-8FDC-42A3-9474-1A3956D46DE8}") = "Building Blocks", "Building Blocks", "{6F449C66-9632-4606-933E-549F01E67B52}"
EndProject
Project("{2150E333-8FDC-42A3-9474-1A3956D46DE8}") = "src", "src", "{6D39C013-E9D2-4E49-8CE9-B630F6FC880A}"
EndProject
Project("{2150E333-8FDC-42A3-9474-1A3956D46DE8}") = "Services", "Services", "{AA4EC8E5-87BD-4ECC-B26F-7F06E455D6B4}"
EndProject
Project("{2150E333-8FDC-42A3-9474-1A3956D46DE8}") = "Web", "Web", "{438516FB-99D9-4106-8202-4D8E1306918A}"
EndProject
Project("{2150E333-8FDC-42A3-9474-1A3956D46DE8}") = "Identidade", "Identidade", "{2566C1DC-371F-499D-AAB8-2FE5DAF8DC37}"
EndProject
Project("{9A19103F-16F7-4668-BE54-9A1E7A4F7556}") = "Identity.API", "Identity.API\Identity.API.csproj", "{99809859-C6DB-403F-8434-B1680BD93E0D}"
EndProject
Project("{2150E333-8FDC-42A3-9474-1A3956D46DE8}") = "Core", "Core", "{299C08A3-BD6B-4B3A-9F4E-7CDB61AA28B8}"
EndProject
Project("{9A19103F-16F7-4668-BE54-9A1E7A4F7556}") = "core", "src\building blocks\core\core.csproj", "{87EF3BCC-83EE-4541-A523-AD25A8EA47C9}"
EndProject
Project("{2150E333-8FDC-42A3-9474-1A3956D46DE8}") = "Teste", "Teste", "{2A2D6263-3CD4-4E7F-B3CB-BC8DB0582068}"
EndProject
Global
	GlobalSection(SolutionConfigurationPlatforms) = preSolution
		Debug|Any CPU = Debug|Any CPU
		Release|Any CPU = Release|Any CPU
	EndGlobalSection
	GlobalSection(ProjectConfigurationPlatforms) = postSolution
		{99809859-C6DB-403F-8434-B1680BD93E0D}.Debug|Any CPU.ActiveCfg = Debug|Any CPU
		{99809859-C6DB-403F-8434-B1680BD93E0D}.Debug|Any CPU.Build.0 = Debug|Any CPU
		{99809859-C6DB-403F-8434-B1680BD93E0D}.Release|Any CPU.ActiveCfg = Release|Any CPU
		{99809859-C6DB-403F-8434-B1680BD93E0D}.Release|Any CPU.Build.0 = Release|Any CPU
		{87EF3BCC-83EE-4541-A523-AD25A8EA47C9}.Debug|Any CPU.ActiveCfg = Debug|Any CPU
		{87EF3BCC-83EE-4541-A523-AD25A8EA47C9}.Debug|Any CPU.Build.0 = Debug|Any CPU
		{87EF3BCC-83EE-4541-A523-AD25A8EA47C9}.Release|Any CPU.ActiveCfg = Release|Any CPU
		{87EF3BCC-83EE-4541-A523-AD25A8EA47C9}.Release|Any CPU.Build.0 = Release|Any CPU
	EndGlobalSection
	GlobalSection(SolutionProperties) = preSolution
		HideSolutionNode = FALSE
	EndGlobalSection
	GlobalSection(NestedProjects) = preSolution
		{6F449C66-9632-4606-933E-549F01E67B52} = {6D39C013-E9D2-4E49-8CE9-B630F6FC880A}
		{AA4EC8E5-87BD-4ECC-B26F-7F06E455D6B4} = {6D39C013-E9D2-4E49-8CE9-B630F6FC880A}
		{438516FB-99D9-4106-8202-4D8E1306918A} = {6D39C013-E9D2-4E49-8CE9-B630F6FC880A}
		{2566C1DC-371F-499D-AAB8-2FE5DAF8DC37} = {AA4EC8E5-87BD-4ECC-B26F-7F06E455D6B4}
		{99809859-C6DB-403F-8434-B1680BD93E0D} = {2566C1DC-371F-499D-AAB8-2FE5DAF8DC37}
		{299C08A3-BD6B-4B3A-9F4E-7CDB61AA28B8} = {6F449C66-9632-4606-933E-549F01E67B52}
		{87EF3BCC-83EE-4541-A523-AD25A8EA47C9} = {299C08A3-BD6B-4B3A-9F4E-7CDB61AA28B8}
	EndGlobalSection
	GlobalSection(ExtensibilityGlobals) = postSolution
		SolutionGuid = {8FDF4126-A4C6-4C64-A7FC-55A104E853A2}
	EndGlobalSection
EndGlobal
